{
  "originHash" : "5759b8164ba300bb0bb0143e1cbccc3e47ee040b4222d658f6e5e2a6ddc6e1c9",
  "pins" : [
    {
      "identity" : "swift-clocks",
      "kind" : "remoteSourceControl",
      "location" : "https://github.com/pointfreeco/swift-clocks",
      "state" : {
        "revision" : "3581e280bf0d90c3fb9236fb23e75a5d8c46b533",
        "version" : "1.0.4"
      }
    },
    {
      "identity" : "swift-concurrency-extras",
      "kind" : "remoteSourceControl",
      "location" : "https://github.com/pointfreeco/swift-concurrency-extras",
      "state" : {
        "revision" : "bb5059bde9022d69ac516803f4f227d8ac967f71",
        "version" : "1.1.0"
      }
    },
    {
      "identity" : "xctest-dynamic-overlay",
      "kind" : "remoteSourceControl",
      "location" : "https://github.com/pointfreeco/xctest-dynamic-overlay",
      "state" : {
        "revision" : "c6809a193975cab4d5308c64bd1d51e0df467928",
        "version" : "1.2.3"
      }
    }
  ],
  "version" : 2
}
